
Microsoft Visual Studio Solution File, Format Version 12.00
# Visual Studio Version 17
VisualStudioVersion = 17.4.33213.308
MinimumVisualStudioVersion = 10.0.40219.1
Project("{FAE04EC0-301F-11D3-BF4B-00C04F79EFBC}") = "ED1_Javier_Lopez_1049722_Practica1", "ED1_Javier_Lopez_1049722_Practica1.csproj", "{BDF391B6-7E88-4568-BFE5-2197C1A8682F}"
EndProject
Project("{2150E333-8FDC-42A3-9474-1A3956D46DE8}") = "Elementos de la solución", "Elementos de la solución", "{6A352E14-C71E-4F41-A2CA-7AE0847E4EFE}"
	ProjectSection(SolutionItems) = preProject
		Cliente2.cs = Cliente2.cs
	EndProjectSection
EndProject
Global
	GlobalSection(SolutionConfigurationPlatforms) = preSolution
		Debug|Any CPU = Debug|Any CPU
		Release|Any CPU = Release|Any CPU
	EndGlobalSection
	GlobalSection(ProjectConfigurationPlatforms) = postSolution
		{BDF391B6-7E88-4568-BFE5-2197C1A8682F}.Debug|Any CPU.ActiveCfg = Debug|Any CPU
		{BDF391B6-7E88-4568-BFE5-2197C1A8682F}.Debug|Any CPU.Build.0 = Debug|Any CPU
		{BDF391B6-7E88-4568-BFE5-2197C1A8682F}.Release|Any CPU.ActiveCfg = Release|Any CPU
		{BDF391B6-7E88-4568-BFE5-2197C1A8682F}.Release|Any CPU.Build.0 = Release|Any CPU
	EndGlobalSection
	GlobalSection(SolutionProperties) = preSolution
		HideSolutionNode = FALSE
	EndGlobalSection
	GlobalSection(ExtensibilityGlobals) = postSolution
		SolutionGuid = {1A7CD1F6-C168-495D-9988-3ACF18F150B5}
	EndGlobalSection
EndGlobal
